<?xml version="1.0" encoding="utf-8"?>
<Project ToolsVersion="4.0" xmlns="http://schemas.microsoft.com/developer/msbuild/2003">
  <ItemGroup>
    <Filter Include="Source Files">
      <UniqueIdentifier>{4FC737F1-C7A5-4376-A066-2A32D752A2FF}</UniqueIdentifier>
      <Extensions>cpp;c;cc;cxx;c++;cppm;ixx;def;odl;idl;hpj;bat;asm;asmx</Extensions>
    </Filter>
    <Filter Include="Header Files">
      <UniqueIdentifier>{93995380-89BD-4b04-88EB-625FBE52EBFB}</UniqueIdentifier>
      <Extensions>h;hh;hpp;hxx;h++;hm;inl;inc;ipp;xsd</Extensions>
    </Filter>
    <Filter Include="Resource Files">
      <UniqueIdentifier>{67DA6AB6-F800-4c08-8B7A-83BB121AAD01}</UniqueIdentifier>
      <Extensions>rc;ico;cur;bmp;dlg;rc2;rct;bin;rgs;gif;jpg;jpeg;jpe;resx;tiff;tif;png;wav;mfcribbon-ms</Extensions>
    </Filter>
    <Filter Include="Resource Files\Cpp">
      <UniqueIdentifier>{41ecc9ec-f3a0-4880-9134-57740f5f7816}</UniqueIdentifier>
    </Filter>
    <Filter Include="Resource Files\Csh">
      <UniqueIdentifier>{88e6497e-3ce5-446c-981b-3a01f08f5546}</UniqueIdentifier>
    </Filter>
    <Filter Include="Resource Files\Java">
      <UniqueIdentifier>{d6e4fee3-8f28-46e4-bb26-0a9d49b04f85}</UniqueIdentifier>
    </Filter>
    <Filter Include="Resource Files\Chat">
      <UniqueIdentifier>{f50082c6-857f-42fa-8a58-592d7516b7cb}</UniqueIdentifier>
    </Filter>
  </ItemGroup>
  <ItemGroup>
    <ClCompile Include="Main.cpp">
      <Filter>Source Files</Filter>
    </ClCompile>
    <ClCompile Include="SDataBase.cpp">
      <Filter>Source Files</Filter>
    </ClCompile>
    <ClCompile Include="ICertificate.cpp">
      <Filter>Source Files</Filter>
    </ClCompile>
    <ClCompile Include="ACertificate.cpp">
      <Filter>Source Files</Filter>
    </ClCompile>
    <ClCompile Include="CCCertificate.cpp">
      <Filter>Source Files</Filter>
    </ClCompile>
    <ClCompile Include="CCsharpCertificate.cpp">
      <Filter>Source Files</Filter>
    </ClCompile>
    <ClCompile Include="CAsmCertificate.cpp">
      <Filter>Source Files</Filter>
    </ClCompile>
    <ClCompile Include="CTCPServer.cpp">
      <Filter>Source Files</Filter>
    </ClCompile>
    <ClCompile Include="Utils.cpp">
      <Filter>Source Files</Filter>
    </ClCompile>
    <ClCompile Include="CChatManager.cpp">
      <Filter>Source Files</Filter>
    </ClCompile>
    <ClCompile Include="CLessonManager.cpp">
      <Filter>Source Files</Filter>
    </ClCompile>
    <ClCompile Include="CPaymentManager.cpp">
      <Filter>Source Files</Filter>
    </ClCompile>
    <ClCompile Include="CWordSeparator.cpp">
      <Filter>Source Files</Filter>
    </ClCompile>
    <ClCompile Include="CClientHandler.cpp">
      <Filter>Source Files</Filter>
    </ClCompile>
    <ClCompile Include="CUserHandler.cpp">
      <Filter>Source Files</Filter>
    </ClCompile>
    <ClCompile Include="CFileHandler.cpp">
      <Filter>Source Files</Filter>
    </ClCompile>
    <ClCompile Include="CLessonHandler.cpp">
      <Filter>Source Files</Filter>
    </ClCompile>
    <ClCompile Include="CExercice.cpp">
      <Filter>Source Files</Filter>
    </ClCompile>
  </ItemGroup>
  <ItemGroup>
    <ClInclude Include="SDataBase.h">
      <Filter>Header Files</Filter>
    </ClInclude>
    <ClInclude Include="ICertificate.h">
      <Filter>Header Files</Filter>
    </ClInclude>
    <ClInclude Include="ACertificate.h">
      <Filter>Header Files</Filter>
    </ClInclude>
    <ClInclude Include="CCCertificate.h">
      <Filter>Header Files</Filter>
    </ClInclude>
    <ClInclude Include="CCsharpCertificate.h">
      <Filter>Header Files</Filter>
    </ClInclude>
    <ClInclude Include="CAsmCertificate.h">
      <Filter>Header Files</Filter>
    </ClInclude>
    <ClInclude Include="CTCPServer.h">
      <Filter>Header Files</Filter>
    </ClInclude>
    <ClInclude Include="Utils.h">
      <Filter>Header Files</Filter>
    </ClInclude>
    <ClInclude Include="CChatManager.h">
      <Filter>Header Files</Filter>
    </ClInclude>
    <ClInclude Include="CLessonManager.h">
      <Filter>Header Files</Filter>
    </ClInclude>
    <ClInclude Include="CPaymentManager.h">
      <Filter>Header Files</Filter>
    </ClInclude>
    <ClInclude Include="Constraints.h">
      <Filter>Header Files</Filter>
    </ClInclude>
    <ClInclude Include="ServerMessageContainer.h">
      <Filter>Header Files</Filter>
    </ClInclude>
    <ClInclude Include="CWordSeparator.h">
      <Filter>Header Files</Filter>
    </ClInclude>
    <ClInclude Include="CClientHandler.h">
      <Filter>Header Files</Filter>
    </ClInclude>
    <ClInclude Include="CUserHandler.h">
      <Filter>Header Files</Filter>
    </ClInclude>
    <ClInclude Include="CFileHandler.h">
      <Filter>Header Files</Filter>
    </ClInclude>
    <ClInclude Include="CExercice.h">
      <Filter>Header Files</Filter>
    </ClInclude>
    <ClInclude Include="CLessonHandler.h">
      <Filter>Header Files</Filter>
    </ClInclude>
  </ItemGroup>
  <ItemGroup>
    <None Include="ClassDiagram.cd" />
  </ItemGroup>
  <ItemGroup>
    <Text Include="BasicsCsh_ex.txt">
      <Filter>Resource Files\Csh</Filter>
    </Text>
    <Text Include="InitCsh_ex.txt">
      <Filter>Resource Files\Csh</Filter>
    </Text>
    <Text Include="InitCsh.txt">
      <Filter>Resource Files\Csh</Filter>
    </Text>
    <Text Include="WhyCsh.txt">
      <Filter>Resource Files\Csh</Filter>
    </Text>
    <Text Include="BasicsCsh.txt">
      <Filter>Resource Files\Csh</Filter>
    </Text>
    <Text Include="WhyCsh_ex.txt">
      <Filter>Resource Files\Csh</Filter>
    </Text>
    <Text Include="FirstJava_ex.txt">
      <Filter>Resource Files\Java</Filter>
    </Text>
    <Text Include="Intjava.txt">
      <Filter>Resource Files\Java</Filter>
    </Text>
    <Text Include="StructOfjava.txt">
      <Filter>Resource Files\Java</Filter>
    </Text>
    <Text Include="FirstJava.txt">
      <Filter>Resource Files\Java</Filter>
    </Text>
    <Text Include="Intjava_ex.txt">
      <Filter>Resource Files\Java</Filter>
    </Text>
    <Text Include="StructOfjava_ex.txt">
      <Filter>Resource Files\Java</Filter>
    </Text>
    <Text Include="intro_cplusplus_basic_syntax.txt">
      <Filter>Resource Files\Cpp</Filter>
    </Text>
    <Text Include="variables_data_types.txt">
      <Filter>Resource Files\Cpp</Filter>
    </Text>
    <Text Include="operators_expressions.txt">
      <Filter>Resource Files\Cpp</Filter>
    </Text>
    <Text Include="control_statements.txt">
      <Filter>Resource Files\Cpp</Filter>
    </Text>
    <Text Include="functions_modularity.txt">
      <Filter>Resource Files\Cpp</Filter>
    </Text>
    <Text Include="control_statements_ex.txt">
      <Filter>Resource Files\Cpp</Filter>
    </Text>
    <Text Include="functions_modularity_ex.txt">
      <Filter>Resource Files\Cpp</Filter>
    </Text>
    <Text Include="intro_cplusplus_basic_syntax_ex.txt">
      <Filter>Resource Files\Cpp</Filter>
    </Text>
    <Text Include="operators_expressions_ex.txt">
      <Filter>Resource Files\Cpp</Filter>
    </Text>
    <Text Include="variables_data_types_ex.txt">
      <Filter>Resource Files\Cpp</Filter>
    </Text>
  </ItemGroup>
</Project>